
Microsoft Visual Studio Solution File, Format Version 12.00
# Visual Studio 2012
Project("{8BC9CEB8-8B4A-11D0-8D11-00A0C91BC942}") = "2sum", "2sum\2sum.vcxproj", "{59A5B5B1-FC81-44C9-98D0-473B011C674C}"
EndProject
Global
	GlobalSection(SolutionConfigurationPlatforms) = preSolution
		Debug|Win32 = Debug|Win32
		Release|Win32 = Release|Win32
	EndGlobalSection
	GlobalSection(ProjectConfigurationPlatforms) = postSolution
		{59A5B5B1-FC81-44C9-98D0-473B011C674C}.Debug|Win32.ActiveCfg = Debug|Win32
		{59A5B5B1-FC81-44C9-98D0-473B011C674C}.Debug|Win32.Build.0 = Debug|Win32
		{59A5B5B1-FC81-44C9-98D0-473B011C674C}.Release|Win32.ActiveCfg = Release|Win32
		{59A5B5B1-FC81-44C9-98D0-473B011C674C}.Release|Win32.Build.0 = Release|Win32
	EndGlobalSection
	GlobalSection(SolutionProperties) = preSolution
		HideSolutionNode = FALSE
	EndGlobalSection
EndGlobal
